
Microsoft Visual Studio Solution File, Format Version 12.00
# Visual Studio Version 17
VisualStudioVersion = 17.7.34031.279
MinimumVisualStudioVersion = 10.0.40219.1
Project("{FAE04EC0-301F-11D3-BF4B-00C04F79EFBC}") = "Qr_Code", "Qr_Code\Qr_Code.csproj", "{D9405418-9289-4F0D-BB80-AEC7A4FE0F90}"
EndProject
Global
	GlobalSection(SolutionConfigurationPlatforms) = preSolution
		Debug|Any CPU = Debug|Any CPU
		Release|Any CPU = Release|Any CPU
	EndGlobalSection
	GlobalSection(ProjectConfigurationPlatforms) = postSolution
		{D9405418-9289-4F0D-BB80-AEC7A4FE0F90}.Debug|Any CPU.ActiveCfg = Debug|Any CPU
		{D9405418-9289-4F0D-BB80-AEC7A4FE0F90}.Debug|Any CPU.Build.0 = Debug|Any CPU
		{D9405418-9289-4F0D-BB80-AEC7A4FE0F90}.Release|Any CPU.ActiveCfg = Release|Any CPU
		{D9405418-9289-4F0D-BB80-AEC7A4FE0F90}.Release|Any CPU.Build.0 = Release|Any CPU
	EndGlobalSection
	GlobalSection(SolutionProperties) = preSolution
		HideSolutionNode = FALSE
	EndGlobalSection
	GlobalSection(ExtensibilityGlobals) = postSolution
		SolutionGuid = {A0B24028-EC67-46A9-BB84-BBE38039B60A}
	EndGlobalSection
EndGlobal
